// !$*UTF8*$!
{
	archiveVersion = 1;
	classes = {
	};
	objectVersion = 77;
	objects = {

/* Begin PBXBuildFile section */
		A10000082FBECFB600C94B4E /* LiminalogWidgetExtension.appex in Embed App Extensions */ = {isa = PBXBuildFile; fileRef = A10000022FBECFB600C94B4E /* LiminalogWidgetExtension.appex */; settings = {ATTRIBUTES = (RemoveHeadersOnCopy, ); }; };
/* End PBXBuildFile section */

/* Begin PBXContainerItemProxy section */
		A100000A2FBECFB600C94B4E /* PBXContainerItemProxy */ = {
			isa = PBXContainerItemProxy;
			containerPortal = 4253979E2FBECFB600C94B4E /* Project object */;
			proxyType = 1;
			remoteGlobalIDString = A10000032FBECFB600C94B4E;
			remoteInfo = LiminalogWidgetExtension;
		};
		B200000A2FCE000000000001 /* PBXContainerItemProxy */ = {
			isa = PBXContainerItemProxy;
			containerPortal = 4253979E2FBECFB600C94B4E /* Project object */;
			proxyType = 1;
			remoteGlobalIDString = 425397A52FBECFB600C94B4E;
			remoteInfo = Liminalog;
		};
/* End PBXContainerItemProxy section */

/* Begin PBXCopyFilesBuildPhase section */
		A10000072FBECFB600C94B4E /* Embed App Extensions */ = {
			isa = PBXCopyFilesBuildPhase;
			buildActionMask = 2147483647;
			dstPath = "";
			dstSubfolderSpec = 13;
			files = (
				A10000082FBECFB600C94B4E /* LiminalogWidgetExtension.appex in Embed App Extensions */,
			);
			name = "Embed App Extensions";
			runOnlyForDeploymentPostprocessing = 0;
		};
/* End PBXCopyFilesBuildPhase section */

/* Begin PBXFileReference section */
		425397A62FBECFB600C94B4E /* Liminalog.app */ = {isa = PBXFileReference; explicitFileType = wrapper.application; includeInIndex = 0; path = Liminalog.app; sourceTree = BUILT_PRODUCTS_DIR; };
		A10000022FBECFB600C94B4E /* LiminalogWidgetExtension.appex */ = {isa = PBXFileReference; explicitFileType = "wrapper.app-extension"; includeInIndex = 0; path = LiminalogWidgetExtension.appex; sourceTree = BUILT_PRODUCTS_DIR; };
		B20000012FCE000000000001 /* LiminalogTests.xctest */ = {isa = PBXFileReference; explicitFileType = wrapper.cfbundle; includeInIndex = 0; path = LiminalogTests.xctest; sourceTree = BUILT_PRODUCTS_DIR; };
/* End PBXFileReference section */

/* Begin PBXFileSystemSynchronizedBuildFileExceptionSet section */
		429074872FC7352100366B8C /* Exceptions for "Liminalog" folder in "Liminalog" target */ = {
			isa = PBXFileSystemSynchronizedBuildFileExceptionSet;
			membershipExceptions = (
				AI_TASKS.md,
			);
			target = 425397A52FBECFB600C94B4E /* Liminalog */;
		};
		429074882FC7352100366B8C /* Exceptions for "Liminalog" folder in "LiminalogWidgetExtension" target */ = {
			isa = PBXFileSystemSynchronizedBuildFileExceptionSet;
			membershipExceptions = (
				AI_TASKS.md,
			);
			target = A10000032FBECFB600C94B4E /* LiminalogWidgetExtension */;
		};
		A100000E2FBECFB600C94B4E /* Exceptions for "LiminalogWidget" folder in "LiminalogWidgetExtension" target */ = {
			isa = PBXFileSystemSynchronizedBuildFileExceptionSet;
			membershipExceptions = (
				Info.plist,
			);
			target = A10000032FBECFB600C94B4E /* LiminalogWidgetExtension */;
		};
/* End PBXFileSystemSynchronizedBuildFileExceptionSet section */

/* Begin PBXFileSystemSynchronizedRootGroup section */
		425397A82FBECFB600C94B4E /* Liminalog */ = {
			isa = PBXFileSystemSynchronizedRootGroup;
			exceptions = (
				429074872FC7352100366B8C /* Exceptions for "Liminalog" folder in "Liminalog" target */,
				429074882FC7352100366B8C /* Exceptions for "Liminalog" folder in "LiminalogWidgetExtension" target */,
			);
			path = Liminalog;
			sourceTree = "<group>";
		};
		A10000012FBECFB600C94B4E /* LiminalogWidget */ = {
			isa = PBXFileSystemSynchronizedRootGroup;
			exceptions = (
				A100000E2FBECFB600C94B4E /* Exceptions for "LiminalogWidget" folder in "LiminalogWidgetExtension" target */,
			);
			path = LiminalogWidget;
			sourceTree = "<group>";
		};
		B20000022FCE000000000001 /* LiminalogTests */ = {
			isa = PBXFileSystemSynchronizedRootGroup;
			path = LiminalogTests;
			sourceTree = "<group>";
		};
/* End PBXFileSystemSynchronizedRootGroup section */

/* Begin PBXFrameworksBuildPhase section */
		425397A32FBECFB600C94B4E /* Frameworks */ = {
			isa = PBXFrameworksBuildPhase;
			buildActionMask = 2147483647;
			files = (
			);
			runOnlyForDeploymentPostprocessing = 0;
		};
		A10000052FBECFB600C94B4E /* Frameworks */ = {
			isa = PBXFrameworksBuildPhase;
			buildActionMask = 2147483647;
			files = (
			);
			runOnlyForDeploymentPostprocessing = 0;
		};
		B20000032FCE000000000001 /* Frameworks */ = {
			isa = PBXFrameworksBuildPhase;
			buildActionMask = 2147483647;
			files = (
			);
			runOnlyForDeploymentPostprocessing = 0;
		};
/* End PBXFrameworksBuildPhase section */

/* Begin PBXGroup section */
		4253979D2FBECFB600C94B4E = {
			isa = PBXGroup;
			children = (
				425397A82FBECFB600C94B4E /* Liminalog */,
				A10000012FBECFB600C94B4E /* LiminalogWidget */,
				B20000022FCE000000000001 /* LiminalogTests */,
				425397A72FBECFB600C94B4E /* Products */,
			);
			sourceTree = "<group>";
		};
		425397A72FBECFB600C94B4E /* Products */ = {
			isa = PBXGroup;
			children = (
				425397A62FBECFB600C94B4E /* Liminalog.app */,
				B20000012FCE000000000001 /* LiminalogTests.xctest */,
				A10000022FBECFB600C94B4E /* LiminalogWidgetExtension.appex */,
			);
			name = Products;
			sourceTree = "<group>";
		};
/* End PBXGroup section */

/* Begin PBXNativeTarget section */
		425397A52FBECFB600C94B4E /* Liminalog */ = {
			isa = PBXNativeTarget;
			buildConfigurationList = 425397B12FBECFB800C94B4E /* Build configuration list for PBXNativeTarget "Liminalog" */;
			buildPhases = (
				425397A22FBECFB600C94B4E /* Sources */,
				425397A32FBECFB600C94B4E /* Frameworks */,
				425397A42FBECFB600C94B4E /* Resources */,
				A10000072FBECFB600C94B4E /* Embed App Extensions */,
			);
			buildRules = (
			);
			dependencies = (
				A10000092FBECFB600C94B4E /* PBXTargetDependency */,
			);
			fileSystemSynchronizedGroups = (
				425397A82FBECFB600C94B4E /* Liminalog */,
			);
			name = Liminalog;
			packageProductDependencies = (
			);
			productName = Liminalog;
			productReference = 425397A62FBECFB600C94B4E /* Liminalog.app */;
			productType = "com.apple.product-type.application";
		};
		A10000032FBECFB600C94B4E /* LiminalogWidgetExtension */ = {
			isa = PBXNativeTarget;
			buildConfigurationList = A100000B2FBECFB600C94B4E /* Build configuration list for PBXNativeTarget "LiminalogWidgetExtension" */;
			buildPhases = (
				A10000042FBECFB600C94B4E /* Sources */,
				A10000052FBECFB600C94B4E /* Frameworks */,
				A10000062FBECFB600C94B4E /* Resources */,
			);
			buildRules = (
			);
			dependencies = (
			);
			fileSystemSynchronizedGroups = (
				A10000012FBECFB600C94B4E /* LiminalogWidget */,
			);
			name = LiminalogWidgetExtension;
			packageProductDependencies = (
			);
			productName = LiminalogWidgetExtension;
			productReference = A10000022FBECFB600C94B4E /* LiminalogWidgetExtension.appex */;
			productType = "com.apple.product-type.app-extension";
		};
		B20000042FCE000000000001 /* LiminalogTests */ = {
			isa = PBXNativeTarget;
			buildConfigurationList = B20000082FCE000000000001 /* Build configuration list for PBXNativeTarget "LiminalogTests" */;
			buildPhases = (
				B20000052FCE000000000001 /* Sources */,
				B20000032FCE000000000001 /* Frameworks */,
				B20000062FCE000000000001 /* Resources */,
			);
			buildRules = (
			);
			dependencies = (
				B200000C2FCE000000000001 /* PBXTargetDependency */,
			);
			fileSystemSynchronizedGroups = (
				B20000022FCE000000000001 /* LiminalogTests */,
			);
			name = LiminalogTests;
			packageProductDependencies = (
			);
			productName = LiminalogTests;
			productReference = B20000012FCE000000000001 /* LiminalogTests.xctest */;
			productType = "com.apple.product-type.bundle.unit-test";
		};
/* End PBXNativeTarget section */

/* Begin PBXProject section */
		4253979E2FBECFB600C94B4E /* Project object */ = {
			isa = PBXProject;
			attributes = {
				BuildIndependentTargetsInParallel = 1;
				LastSwiftUpdateCheck = 2650;
				LastUpgradeCheck = 2650;
				TargetAttributes = {
					425397A52FBECFB600C94B4E = {
						CreatedOnToolsVersion = 26.5;
						SystemCapabilities = {
							com.apple.ApplicationGroups.iOS = {
								enabled = 1;
							};
							com.apple.iCloud = {
								enabled = 1;
							};
						};
					};
					A10000032FBECFB600C94B4E = {
						CreatedOnToolsVersion = 26.5;
						SystemCapabilities = {
							com.apple.ApplicationGroups.iOS = {
								enabled = 1;
							};
						};
					};
					B20000042FCE000000000001 = {
						CreatedOnToolsVersion = 26.5;
						TestTargetID = 425397A52FBECFB600C94B4E;
					};
				};
			};
			buildConfigurationList = 425397A12FBECFB600C94B4E /* Build configuration list for PBXProject "Liminalog" */;
			developmentRegion = en;
			hasScannedForEncodings = 0;
			knownRegions = (
				en,
				Base,
			);
			mainGroup = 4253979D2FBECFB600C94B4E;
			minimizedProjectReferenceProxies = 1;
			preferredProjectObjectVersion = 77;
			productRefGroup = 425397A72FBECFB600C94B4E /* Products */;
			projectDirPath = "";
			projectRoot = "";
			targets = (
				425397A52FBECFB600C94B4E /* Liminalog */,
				B20000042FCE000000000001 /* LiminalogTests */,
				A10000032FBECFB600C94B4E /* LiminalogWidgetExtension */,
			);
		};
/* End PBXProject section */

/* Begin PBXResourcesBuildPhase section */
		425397A42FBECFB600C94B4E /* Resources */ = {
			isa = PBXResourcesBuildPhase;
			buildActionMask = 2147483647;
			files = (
			);
			runOnlyForDeploymentPostprocessing = 0;
		};
		A10000062FBECFB600C94B4E /* Resources */ = {
			isa = PBXResourcesBuildPhase;
			buildActionMask = 2147483647;
			files = (
			);
			runOnlyForDeploymentPostprocessing = 0;
		};
		B20000062FCE000000000001 /* Resources */ = {
			isa = PBXResourcesBuildPhase;
			buildActionMask = 2147483647;
			files = (
			);
			runOnlyForDeploymentPostprocessing = 0;
		};
/* End PBXResourcesBuildPhase section */

/* Begin PBXSourcesBuildPhase section */
		425397A22FBECFB600C94B4E /* Sources */ = {
			isa = PBXSourcesBuildPhase;
			buildActionMask = 2147483647;
			files = (
			);
			runOnlyForDeploymentPostprocessing = 0;
		};
		A10000042FBECFB600C94B4E /* Sources */ = {
			isa = PBXSourcesBuildPhase;
			buildActionMask = 2147483647;
			files = (
			);
			runOnlyForDeploymentPostprocessing = 0;
		};
		B20000052FCE000000000001 /* Sources */ = {
			isa = PBXSourcesBuildPhase;
			buildActionMask = 2147483647;
			files = (
			);
			runOnlyForDeploymentPostprocessing = 0;
		};
/* End PBXSourcesBuildPhase section */

/* Begin PBXTargetDependency section */
		A10000092FBECFB600C94B4E /* PBXTargetDependency */ = {
			isa = PBXTargetDependency;
			target = A10000032FBECFB600C94B4E /* LiminalogWidgetExtension */;
			targetProxy = A100000A2FBECFB600C94B4E /* PBXContainerItemProxy */;
		};
		B200000C2FCE000000000001 /* PBXTargetDependency */ = {
			isa = PBXTargetDependency;
			target = 425397A52FBECFB600C94B4E /* Liminalog */;
			targetProxy = B200000A2FCE000000000001 /* PBXContainerItemProxy */;
		};
/* End PBXTargetDependency section */

/* Begin XCBuildConfiguration section */
		425397AF2FBECFB800C94B4E /* Debug */ = {
			isa = XCBuildConfiguration;
			buildSettings = {
				ALWAYS_SEARCH_USER_PATHS = NO;
				ASSETCATALOG_COMPILER_GENERATE_SWIFT_ASSET_SYMBOL_EXTENSIONS = YES;
				CLANG_ANALYZER_NONNULL = YES;
				CLANG_ANALYZER_NUMBER_OBJECT_CONVERSION = YES_AGGRESSIVE;
				CLANG_CXX_LANGUAGE_STANDARD = "gnu++20";
				CLANG_ENABLE_MODULES = YES;
				CLANG_ENABLE_OBJC_ARC = YES;
				CLANG_ENABLE_OBJC_WEAK = YES;
				CLANG_WARN_BLOCK_CAPTURE_AUTORELEASING = YES;
				CLANG_WARN_BOOL_CONVERSION = YES;
				CLANG_WARN_COMMA = YES;
				CLANG_WARN_CONSTANT_CONVERSION = YES;
				CLANG_WARN_DEPRECATED_OBJC_IMPLEMENTATIONS = YES;
				CLANG_WARN_DIRECT_OBJC_ISA_USAGE = YES_ERROR;
				CLANG_WARN_DOCUMENTATION_COMMENTS = YES;
				CLANG_WARN_EMPTY_BODY = YES;
				CLANG_WARN_ENUM_CONVERSION = YES;
				CLANG_WARN_INFINITE_RECURSION = YES;
				CLANG_WARN_INT_CONVERSION = YES;
				CLANG_WARN_NON_LITERAL_NULL_CONVERSION = YES;
				CLANG_WARN_OBJC_IMPLICIT_RETAIN_SELF = YES;
				CLANG_WARN_OBJC_LITERAL_CONVERSION = YES;
				CLANG_WARN_OBJC_ROOT_CLASS = YES_ERROR;
				CLANG_WARN_QUOTED_INCLUDE_IN_FRAMEWORK_HEADER = YES;
				CLANG_WARN_RANGE_LOOP_ANALYSIS = YES;
				CLANG_WARN_STRICT_PROTOTYPES = YES;
				CLANG_WARN_SUSPICIOUS_MOVE = YES;
				CLANG_WARN_UNGUARDED_AVAILABILITY = YES_AGGRESSIVE;
				CLANG_WARN_UNREACHABLE_CODE = YES;
				CLANG_WARN__DUPLICATE_METHOD_MATCH = YES;
				COPY_PHASE_STRIP = NO;
				DEBUG_INFORMATION_FORMAT = dwarf;
				DEVELOPMENT_TEAM = 7834TP2P53;
				ENABLE_STRICT_OBJC_MSGSEND = YES;
				ENABLE_TESTABILITY = YES;
				ENABLE_USER_SCRIPT_SANDBOXING = YES;
				GCC_C_LANGUAGE_STANDARD = gnu17;
				GCC_DYNAMIC_NO_PIC = NO;
				GCC_NO_COMMON_BLOCKS = YES;
				GCC_OPTIMIZATION_LEVEL = 0;
				GCC_PREPROCESSOR_DEFINITIONS = (
					"DEBUG=1",
					"$(inherited)",
				);
				GCC_WARN_64_TO_32_BIT_CONVERSION = YES;
				GCC_WARN_ABOUT_RETURN_TYPE = YES_ERROR;
				GCC_WARN_UNDECLARED_SELECTOR = YES;
				GCC_WARN_UNINITIALIZED_AUTOS = YES_AGGRESSIVE;
				GCC_WARN_UNUSED_FUNCTION = YES;
				GCC_WARN_UNUSED_VARIABLE = YES;
				IPHONEOS_DEPLOYMENT_TARGET = 26.0;
				LOCALIZATION_PREFERS_STRING_CATALOGS = YES;
				MTL_ENABLE_DEBUG_INFO = INCLUDE_SOURCE;
				MTL_FAST_MATH = YES;
				ONLY_ACTIVE_ARCH = YES;
				SDKROOT = iphoneos;
				SWIFT_ACTIVE_COMPILATION_CONDITIONS = "DEBUG $(inherited)";
				SWIFT_OPTIMIZATION_LEVEL = "-Onone";
			};
			name = Debug;
		};
		425397B02FBECFB800C94B4E /* Release */ = {
			isa = XCBuildConfiguration;
			buildSettings = {
				ALWAYS_SEARCH_USER_PATHS = NO;
				ASSETCATALOG_COMPILER_GENERATE_SWIFT_ASSET_SYMBOL_EXTENSIONS = YES;
				CLANG_ANALYZER_NONNULL = YES;
				CLANG_ANALYZER_NUMBER_OBJECT_CONVERSION = YES_AGGRESSIVE;
				CLANG_CXX_LANGUAGE_STANDARD = "gnu++20";
				CLANG_ENABLE_MODULES = YES;
				CLANG_ENABLE_OBJC_ARC = YES;
				CLANG_ENABLE_OBJC_WEAK = YES;
				CLANG_WARN_BLOCK_CAPTURE_AUTORELEASING = YES;
				CLANG_WARN_BOOL_CONVERSION = YES;
				CLANG_WARN_COMMA = YES;
				CLANG_WARN_CONSTANT_CONVERSION = YES;
				CLANG_WARN_DEPRECATED_OBJC_IMPLEMENTATIONS = YES;
				CLANG_WARN_DIRECT_OBJC_ISA_USAGE = YES_ERROR;
				CLANG_WARN_DOCUMENTATION_COMMENTS = YES;
				CLANG_WARN_EMPTY_BODY = YES;
				CLANG_WARN_ENUM_CONVERSION = YES;
				CLANG_WARN_INFINITE_RECURSION = YES;
				CLANG_WARN_INT_CONVERSION = YES;
				CLANG_WARN_NON_LITERAL_NULL_CONVERSION = YES;
				CLANG_WARN_OBJC_IMPLICIT_RETAIN_SELF = YES;
				CLANG_WARN_OBJC_LITERAL_CONVERSION = YES;
				CLANG_WARN_OBJC_ROOT_CLASS = YES_ERROR;
				CLANG_WARN_QUOTED_INCLUDE_IN_FRAMEWORK_HEADER = YES;
				CLANG_WARN_RANGE_LOOP_ANALYSIS = YES;
				CLANG_WARN_STRICT_PROTOTYPES = YES;
				CLANG_WARN_SUSPICIOUS_MOVE = YES;
				CLANG_WARN_UNGUARDED_AVAILABILITY = YES_AGGRESSIVE;
				CLANG_WARN_UNREACHABLE_CODE = YES;
				CLANG_WARN__DUPLICATE_METHOD_MATCH = YES;
				COPY_PHASE_STRIP = NO;
				DEBUG_INFORMATION_FORMAT = "dwarf-with-dsym";
				DEVELOPMENT_TEAM = 7834TP2P53;
				ENABLE_NS_ASSERTIONS = NO;
				ENABLE_STRICT_OBJC_MSGSEND = YES;
				ENABLE_USER_SCRIPT_SANDBOXING = YES;
				GCC_C_LANGUAGE_STANDARD = gnu17;
				GCC_NO_COMMON_BLOCKS = YES;
				GCC_WARN_64_TO_32_BIT_CONVERSION = YES;
				GCC_WARN_ABOUT_RETURN_TYPE = YES_ERROR;
				GCC_WARN_UNDECLARED_SELECTOR = YES;
				GCC_WARN_UNINITIALIZED_AUTOS = YES_AGGRESSIVE;
				GCC_WARN_UNUSED_FUNCTION = YES;
				GCC_WARN_UNUSED_VARIABLE = YES;
				IPHONEOS_DEPLOYMENT_TARGET = 26.0;
				LOCALIZATION_PREFERS_STRING_CATALOGS = YES;
				MTL_ENABLE_DEBUG_INFO = NO;
				MTL_FAST_MATH = YES;
				SDKROOT = iphoneos;
				SWIFT_COMPILATION_MODE = wholemodule;
				VALIDATE_PRODUCT = YES;
			};
			name = Release;
		};
		425397B22FBECFB800C94B4E /* Debug */ = {
			isa = XCBuildConfiguration;
			buildSettings = {
				ASSETCATALOG_COMPILER_APPICON_NAME = AppIcon;
				ASSETCATALOG_COMPILER_GLOBAL_ACCENT_COLOR_NAME = AccentColor;
				CODE_SIGN_ENTITLEMENTS = Liminalog/Liminalog.entitlements;
				CODE_SIGN_IDENTITY = "Apple Development";
				CODE_SIGN_STYLE = Automatic;
				CURRENT_PROJECT_VERSION = 2;
				DEVELOPMENT_TEAM = 7834TP2P53;
				ENABLE_PREVIEWS = YES;
				EXCLUDED_SOURCE_FILE_NAMES = "*.md";
				GENERATE_INFOPLIST_FILE = NO;
				INFOPLIST_FILE = Config/LiminalogInfo.plist;
				LD_RUNPATH_SEARCH_PATHS = (
					"$(inherited)",
					"@executable_path/Frameworks",
				);
				MARKETING_VERSION = 1.1;
				PRODUCT_BUNDLE_IDENTIFIER = app.YasudaRyuga.Liminalog;
				PRODUCT_NAME = "$(TARGET_NAME)";
				PROVISIONING_PROFILE_SPECIFIER = "";
				STRING_CATALOG_GENERATE_SYMBOLS = YES;
				SWIFT_APPROACHABLE_CONCURRENCY = YES;
				SWIFT_DEFAULT_ACTOR_ISOLATION = MainActor;
				SWIFT_EMIT_LOC_STRINGS = YES;
				SWIFT_UPCOMING_FEATURE_MEMBER_IMPORT_VISIBILITY = YES;
				SWIFT_VERSION = 5.0;
				TARGETED_DEVICE_FAMILY = 1;
			};
			name = Debug;
		};
		425397B32FBECFB800C94B4E /* Release */ = {
			isa = XCBuildConfiguration;
			buildSettings = {
				ASSETCATALOG_COMPILER_APPICON_NAME = AppIcon;
				ASSETCATALOG_COMPILER_GLOBAL_ACCENT_COLOR_NAME = AccentColor;
				CODE_SIGN_ENTITLEMENTS = Liminalog/Liminalog.entitlements;
				CODE_SIGN_IDENTITY = "Apple Development";
				CODE_SIGN_STYLE = Automatic;
				CURRENT_PROJECT_VERSION = 2;
				DEVELOPMENT_TEAM = 7834TP2P53;
				ENABLE_PREVIEWS = YES;
				EXCLUDED_SOURCE_FILE_NAMES = "*.md";
				GENERATE_INFOPLIST_FILE = NO;
				INFOPLIST_FILE = Config/LiminalogInfo.plist;
				LD_RUNPATH_SEARCH_PATHS = (
					"$(inherited)",
					"@executable_path/Frameworks",
				);
				MARKETING_VERSION = 1.1;
				PRODUCT_BUNDLE_IDENTIFIER = app.YasudaRyuga.Liminalog;
				PRODUCT_NAME = "$(TARGET_NAME)";
				PROVISIONING_PROFILE_SPECIFIER = "";
				STRING_CATALOG_GENERATE_SYMBOLS = YES;
				SWIFT_APPROACHABLE_CONCURRENCY = YES;
				SWIFT_DEFAULT_ACTOR_ISOLATION = MainActor;
				SWIFT_EMIT_LOC_STRINGS = YES;
				SWIFT_UPCOMING_FEATURE_MEMBER_IMPORT_VISIBILITY = YES;
				SWIFT_VERSION = 5.0;
				TARGETED_DEVICE_FAMILY = 1;
			};
			name = Release;
		};
		A100000C2FBECFB600C94B4E /* Debug */ = {
			isa = XCBuildConfiguration;
			buildSettings = {
				APPLICATION_EXTENSION_API_ONLY = YES;
				CODE_SIGN_ENTITLEMENTS = LiminalogWidget/LiminalogWidgetExtension.entitlements;
				CODE_SIGN_STYLE = Automatic;
				CURRENT_PROJECT_VERSION = 2;
				DEVELOPMENT_TEAM = 7834TP2P53;
				EXCLUDED_SOURCE_FILE_NAMES = "*.md";
				GENERATE_INFOPLIST_FILE = NO;
				INFOPLIST_FILE = LiminalogWidget/Info.plist;
				IPHONEOS_DEPLOYMENT_TARGET = 26.0;
				LD_RUNPATH_SEARCH_PATHS = (
					"$(inherited)",
					"@executable_path/Frameworks",
					"@executable_path/../../Frameworks",
				);
				MARKETING_VERSION = 1.1;
				PRODUCT_BUNDLE_IDENTIFIER = app.YasudaRyuga.Liminalog.LiminalogWidgetExtension;
				PRODUCT_NAME = "$(TARGET_NAME)";
				SKIP_INSTALL = YES;
				STRING_CATALOG_GENERATE_SYMBOLS = YES;
				SWIFT_APPROACHABLE_CONCURRENCY = YES;
				SWIFT_DEFAULT_ACTOR_ISOLATION = MainActor;
				SWIFT_EMIT_LOC_STRINGS = YES;
				SWIFT_UPCOMING_FEATURE_MEMBER_IMPORT_VISIBILITY = YES;
				SWIFT_VERSION = 5.0;
				TARGETED_DEVICE_FAMILY = 1;
			};
			name = Debug;
		};
		A100000D2FBECFB600C94B4E /* Release */ = {
			isa = XCBuildConfiguration;
			buildSettings = {
				APPLICATION_EXTENSION_API_ONLY = YES;
				CODE_SIGN_ENTITLEMENTS = LiminalogWidget/LiminalogWidgetExtension.entitlements;
				CODE_SIGN_STYLE = Automatic;
				CURRENT_PROJECT_VERSION = 2;
				DEVELOPMENT_TEAM = 7834TP2P53;
				EXCLUDED_SOURCE_FILE_NAMES = "*.md";
				GENERATE_INFOPLIST_FILE = NO;
				INFOPLIST_FILE = LiminalogWidget/Info.plist;
				IPHONEOS_DEPLOYMENT_TARGET = 26.0;
				LD_RUNPATH_SEARCH_PATHS = (
					"$(inherited)",
					"@executable_path/Frameworks",
					"@executable_path/../../Frameworks",
				);
				MARKETING_VERSION = 1.1;
				PRODUCT_BUNDLE_IDENTIFIER = app.YasudaRyuga.Liminalog.LiminalogWidgetExtension;
				PRODUCT_NAME = "$(TARGET_NAME)";
				SKIP_INSTALL = YES;
				STRING_CATALOG_GENERATE_SYMBOLS = YES;
				SWIFT_APPROACHABLE_CONCURRENCY = YES;
				SWIFT_DEFAULT_ACTOR_ISOLATION = MainActor;
				SWIFT_EMIT_LOC_STRINGS = YES;
				SWIFT_UPCOMING_FEATURE_MEMBER_IMPORT_VISIBILITY = YES;
				SWIFT_VERSION = 5.0;
				TARGETED_DEVICE_FAMILY = 1;
			};
			name = Release;
		};
		B20000072FCE000000000001 /* Debug */ = {
			isa = XCBuildConfiguration;
			buildSettings = {
				BUNDLE_LOADER = "$(TEST_HOST)";
				CODE_SIGN_STYLE = Automatic;
				CURRENT_PROJECT_VERSION = 2;
				DEVELOPMENT_TEAM = 7834TP2P53;
				GENERATE_INFOPLIST_FILE = NO;
				INFOPLIST_FILE = Config/LiminalogTestsInfo.plist;
				IPHONEOS_DEPLOYMENT_TARGET = 26.0;
				LD_RUNPATH_SEARCH_PATHS = (
					"$(inherited)",
					"@executable_path/Frameworks",
					"@loader_path/Frameworks",
				);
				MARKETING_VERSION = 1.1;
				PRODUCT_BUNDLE_IDENTIFIER = app.YasudaRyuga.LiminalogTests;
				PRODUCT_NAME = "$(TARGET_NAME)";
				SWIFT_APPROACHABLE_CONCURRENCY = YES;
				SWIFT_DEFAULT_ACTOR_ISOLATION = MainActor;
				SWIFT_EMIT_LOC_STRINGS = NO;
				SWIFT_UPCOMING_FEATURE_MEMBER_IMPORT_VISIBILITY = YES;
				SWIFT_VERSION = 5.0;
				TARGETED_DEVICE_FAMILY = 1;
				TEST_HOST = "$(BUILT_PRODUCTS_DIR)/Liminalog.app/$(BUNDLE_EXECUTABLE_FOLDER_PATH)/Liminalog";
			};
			name = Debug;
		};
		B20000092FCE000000000001 /* Release */ = {
			isa = XCBuildConfiguration;
			buildSettings = {
				BUNDLE_LOADER = "$(TEST_HOST)";
				CODE_SIGN_STYLE = Automatic;
				CURRENT_PROJECT_VERSION = 2;
				DEVELOPMENT_TEAM = 7834TP2P53;
				GENERATE_INFOPLIST_FILE = NO;
				INFOPLIST_FILE = Config/LiminalogTestsInfo.plist;
				IPHONEOS_DEPLOYMENT_TARGET = 26.0;
				LD_RUNPATH_SEARCH_PATHS = (
					"$(inherited)",
					"@executable_path/Frameworks",
					"@loader_path/Frameworks",
				);
				MARKETING_VERSION = 1.1;
				PRODUCT_BUNDLE_IDENTIFIER = app.YasudaRyuga.LiminalogTests;
				PRODUCT_NAME = "$(TARGET_NAME)";
				SWIFT_APPROACHABLE_CONCURRENCY = YES;
				SWIFT_DEFAULT_ACTOR_ISOLATION = MainActor;
				SWIFT_EMIT_LOC_STRINGS = NO;
				SWIFT_UPCOMING_FEATURE_MEMBER_IMPORT_VISIBILITY = YES;
				SWIFT_VERSION = 5.0;
				TARGETED_DEVICE_FAMILY = 1;
				TEST_HOST = "$(BUILT_PRODUCTS_DIR)/Liminalog.app/$(BUNDLE_EXECUTABLE_FOLDER_PATH)/Liminalog";
			};
			name = Release;
		};
/* End XCBuildConfiguration section */

/* Begin XCConfigurationList section */
		425397A12FBECFB600C94B4E /* Build configuration list for PBXProject "Liminalog" */ = {
			isa = XCConfigurationList;
			buildConfigurations = (
				425397AF2FBECFB800C94B4E /* Debug */,
				425397B02FBECFB800C94B4E /* Release */,
			);
			defaultConfigurationIsVisible = 0;
			defaultConfigurationName = Release;
		};
		425397B12FBECFB800C94B4E /* Build configuration list for PBXNativeTarget "Liminalog" */ = {
			isa = XCConfigurationList;
			buildConfigurations = (
				425397B22FBECFB800C94B4E /* Debug */,
				425397B32FBECFB800C94B4E /* Release */,
			);
			defaultConfigurationIsVisible = 0;
			defaultConfigurationName = Release;
		};
		A100000B2FBECFB600C94B4E /* Build configuration list for PBXNativeTarget "LiminalogWidgetExtension" */ = {
			isa = XCConfigurationList;
			buildConfigurations = (
				A100000C2FBECFB600C94B4E /* Debug */,
				A100000D2FBECFB600C94B4E /* Release */,
			);
			defaultConfigurationIsVisible = 0;
			defaultConfigurationName = Release;
		};
		B20000082FCE000000000001 /* Build configuration list for PBXNativeTarget "LiminalogTests" */ = {
			isa = XCConfigurationList;
			buildConfigurations = (
				B20000072FCE000000000001 /* Debug */,
				B20000092FCE000000000001 /* Release */,
			);
			defaultConfigurationIsVisible = 0;
			defaultConfigurationName = Release;
		};
/* End XCConfigurationList section */
	};
	rootObject = 4253979E2FBECFB600C94B4E /* Project object */;
}
